{
  "nodes": {
    "binaryninja": {
      "inputs": {
        "flake-utils": "flake-utils",
        "nixpkgs": [
          "nixpkgs"
        ]
      },
      "locked": {
        "lastModified": 1771721093,
        "narHash": "sha256-iG/jYks4TRMfkXydHJiCgIbp3Rj+ga/ehFC5g5qp+9M=",
        "owner": "jchv",
        "repo": "nix-binary-ninja",
        "rev": "18814cf20d0fdf890993973ab4005ad3fa8ffbd7",
        "type": "github"
      },
      "original": {
        "owner": "jchv",
        "repo": "nix-binary-ninja",
        "type": "github"
      }
    },
    "disko": {
      "inputs": {
        "nixpkgs": [
          "nixpkgs"
        ]
      },
      "locked": {
        "lastModified": 1771881364,
        "narHash": "sha256-A5uE/hMium5of/QGC6JwF5TGoDAfpNtW00T0s9u/PN8=",
        "owner": "nix-community",
        "repo": "disko",
        "rev": "a4cb7bf73f264d40560ba527f9280469f1f081c6",
        "type": "github"
      },
      "original": {
        "owner": "nix-community",
        "repo": "disko",
        "type": "github"
      }
    },
    "flake-parts": {
      "inputs": {
        "nixpkgs-lib": [
          "neovim-nightly-overlay",
          "nixpkgs"
        ]
      },
      "locked": {
        "lastModified": 1769996383,
        "narHash": "sha256-AnYjnFWgS49RlqX7LrC4uA+sCCDBj0Ry/WOJ5XWAsa0=",
        "owner": "hercules-ci",
        "repo": "flake-parts",
        "rev": "57928607ea566b5db3ad13af0e57e921e6b12381",
        "type": "github"
      },
      "original": {
        "owner": "hercules-ci",
        "repo": "flake-parts",
        "type": "github"
      }
    },
    "flake-utils": {
      "inputs": {
        "systems": "systems"
      },
      "locked": {
        "lastModified": 1731533236,
        "narHash": "sha256-l0KFg5HjrsfsO/JpG+r7fRrqm12kzFHyUHqHCVpMMbI=",
        "owner": "numtide",
        "repo": "flake-utils",
        "rev": "11707dc2f618dd54ca8739b309ec4fc024de578b",
        "type": "github"
      },
      "original": {
        "owner": "numtide",
        "repo": "flake-utils",
        "type": "github"
      }
    },
    "flake-utils_2": {
      "inputs": {
        "systems": "systems_2"
      },
      "locked": {
        "lastModified": 1731533236,
        "narHash": "sha256-l0KFg5HjrsfsO/JpG+r7fRrqm12kzFHyUHqHCVpMMbI=",
        "owner": "numtide",
        "repo": "flake-utils",
        "rev": "11707dc2f618dd54ca8739b309ec4fc024de578b",
        "type": "github"
      },
      "original": {
        "owner": "numtide",
        "repo": "flake-utils",
        "type": "github"
      }
    },
    "home-manager": {
      "inputs": {
        "nixpkgs": [
          "nixpkgs"
        ]
      },
      "locked": {
        "lastModified": 1772020340,
        "narHash": "sha256-aqBl3GNpCadMoJ/hVkWTijM1Aeilc278MjM+LA3jK6g=",
        "owner": "nix-community",
        "repo": "home-manager",
        "rev": "36e38ca0d9afe4c55405fdf22179a5212243eecc",
        "type": "github"
      },
      "original": {
        "owner": "nix-community",
        "ref": "release-25.11",
        "repo": "home-manager",
        "type": "github"
      }
    },
    "neovim-nightly-overlay": {
      "inputs": {
        "flake-parts": "flake-parts",
        "neovim-src": "neovim-src",
        "nixpkgs": [
          "nixpkgs"
        ]
      },
      "locked": {
        "lastModified": 1771977871,
        "narHash": "sha256-lhmPJpB4V67O7rpTxb637yYX4C4PyhlnCGk+hrpjiyA=",
        "owner": "nix-community",
        "repo": "neovim-nightly-overlay",
        "rev": "76b7e0e4f7ed155a090a551cd2ab3e7cd81eb6c3",
        "type": "github"
      },
      "original": {
        "owner": "nix-community",
        "repo": "neovim-nightly-overlay",
        "type": "github"
      }
    },
    "neovim-src": {
      "flake": false,
      "locked": {
        "lastModified": 1771977223,
        "narHash": "sha256-RAPxiR+GFi+eH8Hd8zP9Pg4ZRwAwGiCN+HOt9K5LMb4=",
        "owner": "neovim",
        "repo": "neovim",
        "rev": "327dcb897024159bdb201caf23d8d5673d7a0567",
        "type": "github"
      },
      "original": {
        "owner": "neovim",
        "repo": "neovim",
        "type": "github"
      }
    },
    "nix-index-database": {
      "inputs": {
        "nixpkgs": [
          "nixpkgs"
        ]
      },
      "locked": {
        "lastModified": 1771734689,
        "narHash": "sha256-/phvMgr1yutyAMjKnZlxkVplzxHiz60i4rc+gKzpwhg=",
        "owner": "nix-community",
        "repo": "nix-index-database",
        "rev": "8f590b832326ab9699444f3a48240595954a4b10",
        "type": "github"
      },
      "original": {
        "owner": "nix-community",
        "repo": "nix-index-database",
        "type": "github"
      }
    },
    "nixpkgs": {
      "locked": {
        "lastModified": 1771903837,
        "narHash": "sha256-jEA8WggGKtMFeNeCKq3NK8cLEjJmG6/RLUElYYbBZ0E=",
        "rev": "e764fc9a405871f1f6ca3d1394fb422e0a0c3951",
        "type": "tarball",
        "url": "https://releases.nixos.org/nixos/25.11/nixos-25.11.6495.e764fc9a4058/nixexprs.tar.xz"
      },
      "original": {
        "type": "tarball",
        "url": "https://channels.nixos.org/nixos-25.11/nixexprs.tar.xz"
      }
    },
    "noctalia": {
      "inputs": {
        "nixpkgs": [
          "nixpkgs"
        ],
        "noctalia-qs": "noctalia-qs"
      },
      "locked": {
        "lastModified": 1772037803,
        "narHash": "sha256-307PELik0fSETKF0xwM2uAeIsFZTkOApEMnZ2wcTpA4=",
        "owner": "noctalia-dev",
        "repo": "noctalia-shell",
        "rev": "2e43e5348e290220d65b024aa543fc672b05a3cc",
        "type": "github"
      },
      "original": {
        "owner": "noctalia-dev",
        "repo": "noctalia-shell",
        "type": "github"
      }
    },
    "noctalia-qs": {
      "inputs": {
        "nixpkgs": [
          "noctalia",
          "nixpkgs"
        ]
      },
      "locked": {
        "lastModified": 1771796397,
        "narHash": "sha256-lbZkAMNQl5Ymqhdvp46K8hubZ7n7KQRPnTP5bNJzMSk=",
        "owner": "noctalia-dev",
        "repo": "noctalia-qs",
        "rev": "1711c5a20b74a31b703394164c5d2d9561f13ee9",
        "type": "github"
      },
      "original": {
        "owner": "noctalia-dev",
        "repo": "noctalia-qs",
        "type": "github"
      }
    },
    "root": {
      "inputs": {
        "binaryninja": "binaryninja",
        "disko": "disko",
        "home-manager": "home-manager",
        "neovim-nightly-overlay": "neovim-nightly-overlay",
        "nix-index-database": "nix-index-database",
        "nixpkgs": "nixpkgs",
        "noctalia": "noctalia",
        "typst-patched": "typst-patched"
      }
    },
    "systems": {
      "locked": {
        "lastModified": 1681028828,
        "narHash": "sha256-Vy1rq5AaRuLzOxct8nz4T6wlgyUR7zLU309k9mBC768=",
        "owner": "nix-systems",
        "repo": "default",
        "rev": "da67096a3b9bf56a91d16901293e51ba5b49a27e",
        "type": "github"
      },
      "original": {
        "owner": "nix-systems",
        "repo": "default",
        "type": "github"
      }
    },
    "systems_2": {
      "locked": {
        "lastModified": 1681028828,
        "narHash": "sha256-Vy1rq5AaRuLzOxct8nz4T6wlgyUR7zLU309k9mBC768=",
        "owner": "nix-systems",
        "repo": "default",
        "rev": "da67096a3b9bf56a91d16901293e51ba5b49a27e",
        "type": "github"
      },
      "original": {
        "owner": "nix-systems",
        "repo": "default",
        "type": "github"
      }
    },
    "typst-patched": {
      "inputs": {
        "flake-utils": "flake-utils_2",
        "nixpkgs": [
          "nixpkgs"
        ]
      },
      "locked": {
        "lastModified": 1772043130,
        "narHash": "sha256-8pZtUkrSiTpLIb52Tb+SLa5q5CS4Rf4C9poPDSOmU8o=",
        "owner": "peterc-s",
        "repo": "typst-patched",
        "rev": "ed7d1943b99f43b93e4ec2ee84b1ae0d8133a5e2",
        "type": "github"
      },
      "original": {
        "owner": "peterc-s",
        "repo": "typst-patched",
        "type": "github"
      }
    }
  },
  "root": "root",
  "version": 7
}
